
Microsoft Visual Studio Solution File, Format Version 12.00
# Visual Studio Version 17
VisualStudioVersion = 17.1.32421.90
MinimumVisualStudioVersion = 10.0.40219.1
Project("{FAE04EC0-301F-11D3-BF4B-00C04F79EFBC}") = "VideoIndexer.OpenApi.NSwag", "VideoIndexer.OpenApi.NSwag\VideoIndexer.OpenApi.NSwag.csproj", "{12BA243E-F959-4DF5-9E93-4D18D1742C58}"
EndProject
Global
	GlobalSection(SolutionConfigurationPlatforms) = preSolution
		Debug|Any CPU = Debug|Any CPU
		Release|Any CPU = Release|Any CPU
	EndGlobalSection
	GlobalSection(ProjectConfigurationPlatforms) = postSolution
		{12BA243E-F959-4DF5-9E93-4D18D1742C58}.Debug|Any CPU.ActiveCfg = Debug|Any CPU
		{12BA243E-F959-4DF5-9E93-4D18D1742C58}.Debug|Any CPU.Build.0 = Debug|Any CPU
		{12BA243E-F959-4DF5-9E93-4D18D1742C58}.Release|Any CPU.ActiveCfg = Release|Any CPU
		{12BA243E-F959-4DF5-9E93-4D18D1742C58}.Release|Any CPU.Build.0 = Release|Any CPU
	EndGlobalSection
	GlobalSection(SolutionProperties) = preSolution
		HideSolutionNode = FALSE
	EndGlobalSection
	GlobalSection(ExtensibilityGlobals) = postSolution
		SolutionGuid = {36C2C3DA-D4C4-4894-BED4-0F7046DD3D9D}
	EndGlobalSection
EndGlobal
